
Microsoft Visual Studio Solution File, Format Version 12.00
# Visual Studio Version 17
VisualStudioVersion = 17.7.34302.85
MinimumVisualStudioVersion = 10.0.40219.1
Project("{54A90642-561A-4BB1-A94E-469ADEE60C69}") = "angularapp", "angularapp\angularapp.esproj", "{294039CF-7990-4ABC-846A-9A17EF32F893}"
EndProject
Project("{9A19103F-16F7-4668-BE54-9A1E7A4F7556}") = "webapi", "webapi\webapi.csproj", "{ABAC85FB-6A5F-46AB-A0F5-15B5E8A25D01}"
EndProject
Global
	GlobalSection(SolutionConfigurationPlatforms) = preSolution
		Debug|Any CPU = Debug|Any CPU
		Release|Any CPU = Release|Any CPU
	EndGlobalSection
	GlobalSection(ProjectConfigurationPlatforms) = postSolution
		{294039CF-7990-4ABC-846A-9A17EF32F893}.Debug|Any CPU.ActiveCfg = Debug|Any CPU
		{294039CF-7990-4ABC-846A-9A17EF32F893}.Debug|Any CPU.Build.0 = Debug|Any CPU
		{294039CF-7990-4ABC-846A-9A17EF32F893}.Debug|Any CPU.Deploy.0 = Debug|Any CPU
		{294039CF-7990-4ABC-846A-9A17EF32F893}.Release|Any CPU.ActiveCfg = Release|Any CPU
		{294039CF-7990-4ABC-846A-9A17EF32F893}.Release|Any CPU.Build.0 = Release|Any CPU
		{294039CF-7990-4ABC-846A-9A17EF32F893}.Release|Any CPU.Deploy.0 = Release|Any CPU
		{ABAC85FB-6A5F-46AB-A0F5-15B5E8A25D01}.Debug|Any CPU.ActiveCfg = Debug|Any CPU
		{ABAC85FB-6A5F-46AB-A0F5-15B5E8A25D01}.Debug|Any CPU.Build.0 = Debug|Any CPU
		{ABAC85FB-6A5F-46AB-A0F5-15B5E8A25D01}.Release|Any CPU.ActiveCfg = Release|Any CPU
		{ABAC85FB-6A5F-46AB-A0F5-15B5E8A25D01}.Release|Any CPU.Build.0 = Release|Any CPU
	EndGlobalSection
	GlobalSection(SolutionProperties) = preSolution
		HideSolutionNode = FALSE
	EndGlobalSection
	GlobalSection(ExtensibilityGlobals) = postSolution
		SolutionGuid = {38FA3288-834D-4E99-8085-152155F7B9AC}
	EndGlobalSection
EndGlobal
