
Microsoft Visual Studio Solution File, Format Version 12.00
# Visual Studio Version 17
VisualStudioVersion = 17.7.34302.85
MinimumVisualStudioVersion = 10.0.40219.1
Project("{54A90642-561A-4BB1-A94E-469ADEE60C69}") = "site", "site.esproj", "{40318BB2-E386-4B36-A222-7CCDF1B8D32A}"
EndProject
Global
	GlobalSection(SolutionConfigurationPlatforms) = preSolution
		Debug|Any CPU = Debug|Any CPU
		Release|Any CPU = Release|Any CPU
	EndGlobalSection
	GlobalSection(ProjectConfigurationPlatforms) = postSolution
		{40318BB2-E386-4B36-A222-7CCDF1B8D32A}.Debug|Any CPU.ActiveCfg = Debug|Any CPU
		{40318BB2-E386-4B36-A222-7CCDF1B8D32A}.Debug|Any CPU.Build.0 = Debug|Any CPU
		{40318BB2-E386-4B36-A222-7CCDF1B8D32A}.Debug|Any CPU.Deploy.0 = Debug|Any CPU
		{40318BB2-E386-4B36-A222-7CCDF1B8D32A}.Release|Any CPU.ActiveCfg = Release|Any CPU
		{40318BB2-E386-4B36-A222-7CCDF1B8D32A}.Release|Any CPU.Build.0 = Release|Any CPU
		{40318BB2-E386-4B36-A222-7CCDF1B8D32A}.Release|Any CPU.Deploy.0 = Release|Any CPU
	EndGlobalSection
	GlobalSection(SolutionProperties) = preSolution
		HideSolutionNode = FALSE
	EndGlobalSection
	GlobalSection(ExtensibilityGlobals) = postSolution
		SolutionGuid = {EF95F2B3-1DD1-4A06-AB9B-B6AE9CCDD4D6}
	EndGlobalSection
EndGlobal
