
Microsoft Visual Studio Solution File, Format Version 12.00
# Visual Studio Version 17
VisualStudioVersion = 17.7.34302.85
MinimumVisualStudioVersion = 10.0.40219.1
Project("{FAE04EC0-301F-11D3-BF4B-00C04F79EFBC}") = "sftBackendApp", "sftBackendApp.csproj", "{0B233770-4456-444B-8E09-216B332356A9}"
EndProject
Global
	GlobalSection(SolutionConfigurationPlatforms) = preSolution
		Debug|Any CPU = Debug|Any CPU
		Release|Any CPU = Release|Any CPU
	EndGlobalSection
	GlobalSection(ProjectConfigurationPlatforms) = postSolution
		{0B233770-4456-444B-8E09-216B332356A9}.Debug|Any CPU.ActiveCfg = Debug|Any CPU
		{0B233770-4456-444B-8E09-216B332356A9}.Debug|Any CPU.Build.0 = Debug|Any CPU
		{0B233770-4456-444B-8E09-216B332356A9}.Release|Any CPU.ActiveCfg = Release|Any CPU
		{0B233770-4456-444B-8E09-216B332356A9}.Release|Any CPU.Build.0 = Release|Any CPU
	EndGlobalSection
	GlobalSection(SolutionProperties) = preSolution
		HideSolutionNode = FALSE
	EndGlobalSection
	GlobalSection(ExtensibilityGlobals) = postSolution
		SolutionGuid = {365D2D6C-206C-4938-BEC8-5C4DE45F6B32}
	EndGlobalSection
EndGlobal
